// !$*UTF8*$!
{
	archiveVersion = 1;
	classes = {
	};
	objectVersion = 56;
	objects = {

/* Begin PBXBuildFile section */
		88780B2F2AEB1C9B000487A6 /* LiftOffApp.swift in Sources */ = {isa = PBXBuildFile; fileRef = 88780B2E2AEB1C9B000487A6 /* LiftOffApp.swift */; };
		88780B312AEB1C9B000487A6 /* ContentView.swift in Sources */ = {isa = PBXBuildFile; fileRef = 88780B302AEB1C9B000487A6 /* ContentView.swift */; };
		88780B332AEB1C9F000487A6 /* Assets.xcassets in Resources */ = {isa = PBXBuildFile; fileRef = 88780B322AEB1C9F000487A6 /* Assets.xcassets */; };
		88780B362AEB1C9F000487A6 /* Preview Assets.xcassets in Resources */ = {isa = PBXBuildFile; fileRef = 88780B352AEB1C9F000487A6 /* Preview Assets.xcassets */; };
		88780B402AEB1CA0000487A6 /* LiftOffTests.swift in Sources */ = {isa = PBXBuildFile; fileRef = 88780B3F2AEB1CA0000487A6 /* LiftOffTests.swift */; };
		88780B4A2AEB1CA0000487A6 /* LiftOffUITests.swift in Sources */ = {isa = PBXBuildFile; fileRef = 88780B492AEB1CA0000487A6 /* LiftOffUITests.swift */; };
		88780B4C2AEB1CA0000487A6 /* LiftOffUITestsLaunchTests.swift in Sources */ = {isa = PBXBuildFile; fileRef = 88780B4B2AEB1CA0000487A6 /* LiftOffUITestsLaunchTests.swift */; };
		88780B592AEB1E26000487A6 /* bench-press.gif in Resources */ = {isa = PBXBuildFile; fileRef = 88780B582AEB1E26000487A6 /* bench-press.gif */; };
		88780B5C2AEB1EAC000487A6 /* FLAnimatedImage in Frameworks */ = {isa = PBXBuildFile; productRef = 88780B5B2AEB1EAC000487A6 /* FLAnimatedImage */; };
		88780B612AEB2454000487A6 /* WorkoutCardView.swift in Sources */ = {isa = PBXBuildFile; fileRef = 88780B602AEB2454000487A6 /* WorkoutCardView.swift */; };
		88780B642AEB2743000487A6 /* SwiftUIGIF in Frameworks */ = {isa = PBXBuildFile; productRef = 88780B632AEB2743000487A6 /* SwiftUIGIF */; };
		8883B9C12AEB68460015A21C /* Giffy in Frameworks */ = {isa = PBXBuildFile; productRef = 8883B9C02AEB68460015A21C /* Giffy */; };
/* End PBXBuildFile section */

/* Begin PBXContainerItemProxy section */
		88780B3C2AEB1CA0000487A6 /* PBXContainerItemProxy */ = {
			isa = PBXContainerItemProxy;
			containerPortal = 88780B232AEB1C9B000487A6 /* Project object */;
			proxyType = 1;
			remoteGlobalIDString = 88780B2A2AEB1C9B000487A6;
			remoteInfo = LiftOff;
		};
		88780B462AEB1CA0000487A6 /* PBXContainerItemProxy */ = {
			isa = PBXContainerItemProxy;
			containerPortal = 88780B232AEB1C9B000487A6 /* Project object */;
			proxyType = 1;
			remoteGlobalIDString = 88780B2A2AEB1C9B000487A6;
			remoteInfo = LiftOff;
		};
/* End PBXContainerItemProxy section */

/* Begin PBXFileReference section */
		88780B2B2AEB1C9B000487A6 /* LiftOff.app */ = {isa = PBXFileReference; explicitFileType = wrapper.application; includeInIndex = 0; path = LiftOff.app; sourceTree = BUILT_PRODUCTS_DIR; };
		88780B2E2AEB1C9B000487A6 /* LiftOffApp.swift */ = {isa = PBXFileReference; lastKnownFileType = sourcecode.swift; path = LiftOffApp.swift; sourceTree = "<group>"; };
		88780B302AEB1C9B000487A6 /* ContentView.swift */ = {isa = PBXFileReference; lastKnownFileType = sourcecode.swift; path = ContentView.swift; sourceTree = "<group>"; };
		88780B322AEB1C9F000487A6 /* Assets.xcassets */ = {isa = PBXFileReference; lastKnownFileType = folder.assetcatalog; path = Assets.xcassets; sourceTree = "<group>"; };
		88780B352AEB1C9F000487A6 /* Preview Assets.xcassets */ = {isa = PBXFileReference; lastKnownFileType = folder.assetcatalog; path = "Preview Assets.xcassets"; sourceTree = "<group>"; };
		88780B3B2AEB1CA0000487A6 /* LiftOffTests.xctest */ = {isa = PBXFileReference; explicitFileType = wrapper.cfbundle; includeInIndex = 0; path = LiftOffTests.xctest; sourceTree = BUILT_PRODUCTS_DIR; };
		88780B3F2AEB1CA0000487A6 /* LiftOffTests.swift */ = {isa = PBXFileReference; lastKnownFileType = sourcecode.swift; path = LiftOffTests.swift; sourceTree = "<group>"; };
		88780B452AEB1CA0000487A6 /* LiftOffUITests.xctest */ = {isa = PBXFileReference; explicitFileType = wrapper.cfbundle; includeInIndex = 0; path = LiftOffUITests.xctest; sourceTree = BUILT_PRODUCTS_DIR; };
		88780B492AEB1CA0000487A6 /* LiftOffUITests.swift */ = {isa = PBXFileReference; lastKnownFileType = sourcecode.swift; path = LiftOffUITests.swift; sourceTree = "<group>"; };
		88780B4B2AEB1CA0000487A6 /* LiftOffUITestsLaunchTests.swift */ = {isa = PBXFileReference; lastKnownFileType = sourcecode.swift; path = LiftOffUITestsLaunchTests.swift; sourceTree = "<group>"; };
		88780B582AEB1E26000487A6 /* bench-press.gif */ = {isa = PBXFileReference; lastKnownFileType = image.gif; name = "bench-press.gif"; path = "../../../../Downloads/bench-press.gif"; sourceTree = "<group>"; };
		88780B602AEB2454000487A6 /* WorkoutCardView.swift */ = {isa = PBXFileReference; lastKnownFileType = sourcecode.swift; path = WorkoutCardView.swift; sourceTree = "<group>"; };
/* End PBXFileReference section */

/* Begin PBXFrameworksBuildPhase section */
		88780B282AEB1C9B000487A6 /* Frameworks */ = {
			isa = PBXFrameworksBuildPhase;
			buildActionMask = 2147483647;
			files = (
				8883B9C12AEB68460015A21C /* Giffy in Frameworks */,
				88780B5C2AEB1EAC000487A6 /* FLAnimatedImage in Frameworks */,
				88780B642AEB2743000487A6 /* SwiftUIGIF in Frameworks */,
			);
			runOnlyForDeploymentPostprocessing = 0;
		};
		88780B382AEB1CA0000487A6 /* Frameworks */ = {
			isa = PBXFrameworksBuildPhase;
			buildActionMask = 2147483647;
			files = (
			);
			runOnlyForDeploymentPostprocessing = 0;
		};
		88780B422AEB1CA0000487A6 /* Frameworks */ = {
			isa = PBXFrameworksBuildPhase;
			buildActionMask = 2147483647;
			files = (
			);
			runOnlyForDeploymentPostprocessing = 0;
		};
/* End PBXFrameworksBuildPhase section */

/* Begin PBXGroup section */
		88780B222AEB1C9B000487A6 = {
			isa = PBXGroup;
			children = (
				88780B2D2AEB1C9B000487A6 /* LiftOff */,
				88780B3E2AEB1CA0000487A6 /* LiftOffTests */,
				88780B482AEB1CA0000487A6 /* LiftOffUITests */,
				88780B2C2AEB1C9B000487A6 /* Products */,
			);
			sourceTree = "<group>";
		};
		88780B2C2AEB1C9B000487A6 /* Products */ = {
			isa = PBXGroup;
			children = (
				88780B2B2AEB1C9B000487A6 /* LiftOff.app */,
				88780B3B2AEB1CA0000487A6 /* LiftOffTests.xctest */,
				88780B452AEB1CA0000487A6 /* LiftOffUITests.xctest */,
			);
			name = Products;
			sourceTree = "<group>";
		};
		88780B2D2AEB1C9B000487A6 /* LiftOff */ = {
			isa = PBXGroup;
			children = (
				88780B5F2AEB2438000487A6 /* Views */,
				88780B2E2AEB1C9B000487A6 /* LiftOffApp.swift */,
				88780B302AEB1C9B000487A6 /* ContentView.swift */,
				88780B322AEB1C9F000487A6 /* Assets.xcassets */,
				88780B582AEB1E26000487A6 /* bench-press.gif */,
				88780B342AEB1C9F000487A6 /* Preview Content */,
			);
			path = LiftOff;
			sourceTree = "<group>";
		};
		88780B342AEB1C9F000487A6 /* Preview Content */ = {
			isa = PBXGroup;
			children = (
				88780B352AEB1C9F000487A6 /* Preview Assets.xcassets */,
			);
			path = "Preview Content";
			sourceTree = "<group>";
		};
		88780B3E2AEB1CA0000487A6 /* LiftOffTests */ = {
			isa = PBXGroup;
			children = (
				88780B3F2AEB1CA0000487A6 /* LiftOffTests.swift */,
			);
			path = LiftOffTests;
			sourceTree = "<group>";
		};
		88780B482AEB1CA0000487A6 /* LiftOffUITests */ = {
			isa = PBXGroup;
			children = (
				88780B492AEB1CA0000487A6 /* LiftOffUITests.swift */,
				88780B4B2AEB1CA0000487A6 /* LiftOffUITestsLaunchTests.swift */,
			);
			path = LiftOffUITests;
			sourceTree = "<group>";
		};
		88780B5F2AEB2438000487A6 /* Views */ = {
			isa = PBXGroup;
			children = (
				88780B602AEB2454000487A6 /* WorkoutCardView.swift */,
			);
			path = Views;
			sourceTree = "<group>";
		};
/* End PBXGroup section */

/* Begin PBXNativeTarget section */
		88780B2A2AEB1C9B000487A6 /* LiftOff */ = {
			isa = PBXNativeTarget;
			buildConfigurationList = 88780B4F2AEB1CA0000487A6 /* Build configuration list for PBXNativeTarget "LiftOff" */;
			buildPhases = (
				88780B272AEB1C9B000487A6 /* Sources */,
				88780B282AEB1C9B000487A6 /* Frameworks */,
				88780B292AEB1C9B000487A6 /* Resources */,
			);
			buildRules = (
			);
			dependencies = (
			);
			name = LiftOff;
			packageProductDependencies = (
				88780B5B2AEB1EAC000487A6 /* FLAnimatedImage */,
				88780B632AEB2743000487A6 /* SwiftUIGIF */,
				8883B9C02AEB68460015A21C /* Giffy */,
			);
			productName = LiftOff;
			productReference = 88780B2B2AEB1C9B000487A6 /* LiftOff.app */;
			productType = "com.apple.product-type.application";
		};
		88780B3A2AEB1CA0000487A6 /* LiftOffTests */ = {
			isa = PBXNativeTarget;
			buildConfigurationList = 88780B522AEB1CA0000487A6 /* Build configuration list for PBXNativeTarget "LiftOffTests" */;
			buildPhases = (
				88780B372AEB1CA0000487A6 /* Sources */,
				88780B382AEB1CA0000487A6 /* Frameworks */,
				88780B392AEB1CA0000487A6 /* Resources */,
			);
			buildRules = (
			);
			dependencies = (
				88780B3D2AEB1CA0000487A6 /* PBXTargetDependency */,
			);
			name = LiftOffTests;
			productName = LiftOffTests;
			productReference = 88780B3B2AEB1CA0000487A6 /* LiftOffTests.xctest */;
			productType = "com.apple.product-type.bundle.unit-test";
		};
		88780B442AEB1CA0000487A6 /* LiftOffUITests */ = {
			isa = PBXNativeTarget;
			buildConfigurationList = 88780B552AEB1CA0000487A6 /* Build configuration list for PBXNativeTarget "LiftOffUITests" */;
			buildPhases = (
				88780B412AEB1CA0000487A6 /* Sources */,
				88780B422AEB1CA0000487A6 /* Frameworks */,
				88780B432AEB1CA0000487A6 /* Resources */,
			);
			buildRules = (
			);
			dependencies = (
				88780B472AEB1CA0000487A6 /* PBXTargetDependency */,
			);
			name = LiftOffUITests;
			productName = LiftOffUITests;
			productReference = 88780B452AEB1CA0000487A6 /* LiftOffUITests.xctest */;
			productType = "com.apple.product-type.bundle.ui-testing";
		};
/* End PBXNativeTarget section */

/* Begin PBXProject section */
		88780B232AEB1C9B000487A6 /* Project object */ = {
			isa = PBXProject;
			attributes = {
				BuildIndependentTargetsInParallel = 1;
				LastSwiftUpdateCheck = 1500;
				LastUpgradeCheck = 1500;
				TargetAttributes = {
					88780B2A2AEB1C9B000487A6 = {
						CreatedOnToolsVersion = 15.0.1;
					};
					88780B3A2AEB1CA0000487A6 = {
						CreatedOnToolsVersion = 15.0.1;
						TestTargetID = 88780B2A2AEB1C9B000487A6;
					};
					88780B442AEB1CA0000487A6 = {
						CreatedOnToolsVersion = 15.0.1;
						TestTargetID = 88780B2A2AEB1C9B000487A6;
					};
				};
			};
			buildConfigurationList = 88780B262AEB1C9B000487A6 /* Build configuration list for PBXProject "LiftOff" */;
			compatibilityVersion = "Xcode 14.0";
			developmentRegion = en;
			hasScannedForEncodings = 0;
			knownRegions = (
				en,
				Base,
			);
			mainGroup = 88780B222AEB1C9B000487A6;
			packageReferences = (
				88780B5A2AEB1EAC000487A6 /* XCRemoteSwiftPackageReference "FLAnimatedImage" */,
				88780B622AEB2743000487A6 /* XCRemoteSwiftPackageReference "swiftui-gif" */,
				8883B9BF2AEB68460015A21C /* XCRemoteSwiftPackageReference "Giffy" */,
			);
			productRefGroup = 88780B2C2AEB1C9B000487A6 /* Products */;
			projectDirPath = "";
			projectRoot = "";
			targets = (
				88780B2A2AEB1C9B000487A6 /* LiftOff */,
				88780B3A2AEB1CA0000487A6 /* LiftOffTests */,
				88780B442AEB1CA0000487A6 /* LiftOffUITests */,
			);
		};
/* End PBXProject section */

/* Begin PBXResourcesBuildPhase section */
		88780B292AEB1C9B000487A6 /* Resources */ = {
			isa = PBXResourcesBuildPhase;
			buildActionMask = 2147483647;
			files = (
				88780B362AEB1C9F000487A6 /* Preview Assets.xcassets in Resources */,
				88780B332AEB1C9F000487A6 /* Assets.xcassets in Resources */,
				88780B592AEB1E26000487A6 /* bench-press.gif in Resources */,
			);
			runOnlyForDeploymentPostprocessing = 0;
		};
		88780B392AEB1CA0000487A6 /* Resources */ = {
			isa = PBXResourcesBuildPhase;
			buildActionMask = 2147483647;
			files = (
			);
			runOnlyForDeploymentPostprocessing = 0;
		};
		88780B432AEB1CA0000487A6 /* Resources */ = {
			isa = PBXResourcesBuildPhase;
			buildActionMask = 2147483647;
			files = (
			);
			runOnlyForDeploymentPostprocessing = 0;
		};
/* End PBXResourcesBuildPhase section */

/* Begin PBXSourcesBuildPhase section */
		88780B272AEB1C9B000487A6 /* Sources */ = {
			isa = PBXSourcesBuildPhase;
			buildActionMask = 2147483647;
			files = (
				88780B312AEB1C9B000487A6 /* ContentView.swift in Sources */,
				88780B2F2AEB1C9B000487A6 /* LiftOffApp.swift in Sources */,
				88780B612AEB2454000487A6 /* WorkoutCardView.swift in Sources */,
			);
			runOnlyForDeploymentPostprocessing = 0;
		};
		88780B372AEB1CA0000487A6 /* Sources */ = {
			isa = PBXSourcesBuildPhase;
			buildActionMask = 2147483647;
			files = (
				88780B402AEB1CA0000487A6 /* LiftOffTests.swift in Sources */,
			);
			runOnlyForDeploymentPostprocessing = 0;
		};
		88780B412AEB1CA0000487A6 /* Sources */ = {
			isa = PBXSourcesBuildPhase;
			buildActionMask = 2147483647;
			files = (
				88780B4A2AEB1CA0000487A6 /* LiftOffUITests.swift in Sources */,
				88780B4C2AEB1CA0000487A6 /* LiftOffUITestsLaunchTests.swift in Sources */,
			);
			runOnlyForDeploymentPostprocessing = 0;
		};
/* End PBXSourcesBuildPhase section */

/* Begin PBXTargetDependency section */
		88780B3D2AEB1CA0000487A6 /* PBXTargetDependency */ = {
			isa = PBXTargetDependency;
			target = 88780B2A2AEB1C9B000487A6 /* LiftOff */;
			targetProxy = 88780B3C2AEB1CA0000487A6 /* PBXContainerItemProxy */;
		};
		88780B472AEB1CA0000487A6 /* PBXTargetDependency */ = {
			isa = PBXTargetDependency;
			target = 88780B2A2AEB1C9B000487A6 /* LiftOff */;
			targetProxy = 88780B462AEB1CA0000487A6 /* PBXContainerItemProxy */;
		};
/* End PBXTargetDependency section */

/* Begin XCBuildConfiguration section */
		88780B4D2AEB1CA0000487A6 /* Debug */ = {
			isa = XCBuildConfiguration;
			buildSettings = {
				ALWAYS_SEARCH_USER_PATHS = NO;
				ASSETCATALOG_COMPILER_GENERATE_SWIFT_ASSET_SYMBOL_EXTENSIONS = YES;
				CLANG_ANALYZER_NONNULL = YES;
				CLANG_ANALYZER_NUMBER_OBJECT_CONVERSION = YES_AGGRESSIVE;
				CLANG_CXX_LANGUAGE_STANDARD = "gnu++20";
				CLANG_ENABLE_MODULES = YES;
				CLANG_ENABLE_OBJC_ARC = YES;
				CLANG_ENABLE_OBJC_WEAK = YES;
				CLANG_WARN_BLOCK_CAPTURE_AUTORELEASING = YES;
				CLANG_WARN_BOOL_CONVERSION = YES;
				CLANG_WARN_COMMA = YES;
				CLANG_WARN_CONSTANT_CONVERSION = YES;
				CLANG_WARN_DEPRECATED_OBJC_IMPLEMENTATIONS = YES;
				CLANG_WARN_DIRECT_OBJC_ISA_USAGE = YES_ERROR;
				CLANG_WARN_DOCUMENTATION_COMMENTS = YES;
				CLANG_WARN_EMPTY_BODY = YES;
				CLANG_WARN_ENUM_CONVERSION = YES;
				CLANG_WARN_INFINITE_RECURSION = YES;
				CLANG_WARN_INT_CONVERSION = YES;
				CLANG_WARN_NON_LITERAL_NULL_CONVERSION = YES;
				CLANG_WARN_OBJC_IMPLICIT_RETAIN_SELF = YES;
				CLANG_WARN_OBJC_LITERAL_CONVERSION = YES;
				CLANG_WARN_OBJC_ROOT_CLASS = YES_ERROR;
				CLANG_WARN_QUOTED_INCLUDE_IN_FRAMEWORK_HEADER = YES;
				CLANG_WARN_RANGE_LOOP_ANALYSIS = YES;
				CLANG_WARN_STRICT_PROTOTYPES = YES;
				CLANG_WARN_SUSPICIOUS_MOVE = YES;
				CLANG_WARN_UNGUARDED_AVAILABILITY = YES_AGGRESSIVE;
				CLANG_WARN_UNREACHABLE_CODE = YES;
				CLANG_WARN__DUPLICATE_METHOD_MATCH = YES;
				COPY_PHASE_STRIP = NO;
				DEBUG_INFORMATION_FORMAT = dwarf;
				ENABLE_STRICT_OBJC_MSGSEND = YES;
				ENABLE_TESTABILITY = YES;
				ENABLE_USER_SCRIPT_SANDBOXING = YES;
				GCC_C_LANGUAGE_STANDARD = gnu17;
				GCC_DYNAMIC_NO_PIC = NO;
				GCC_NO_COMMON_BLOCKS = YES;
				GCC_OPTIMIZATION_LEVEL = 0;
				GCC_PREPROCESSOR_DEFINITIONS = (
					"DEBUG=1",
					"$(inherited)",
				);
				GCC_WARN_64_TO_32_BIT_CONVERSION = YES;
				GCC_WARN_ABOUT_RETURN_TYPE = YES_ERROR;
				GCC_WARN_UNDECLARED_SELECTOR = YES;
				GCC_WARN_UNINITIALIZED_AUTOS = YES_AGGRESSIVE;
				GCC_WARN_UNUSED_FUNCTION = YES;
				GCC_WARN_UNUSED_VARIABLE = YES;
				IPHONEOS_DEPLOYMENT_TARGET = 17.0;
				LOCALIZATION_PREFERS_STRING_CATALOGS = YES;
				MTL_ENABLE_DEBUG_INFO = INCLUDE_SOURCE;
				MTL_FAST_MATH = YES;
				ONLY_ACTIVE_ARCH = YES;
				SDKROOT = iphoneos;
				SWIFT_ACTIVE_COMPILATION_CONDITIONS = "DEBUG $(inherited)";
				SWIFT_OPTIMIZATION_LEVEL = "-Onone";
			};
			name = Debug;
		};
		88780B4E2AEB1CA0000487A6 /* Release */ = {
			isa = XCBuildConfiguration;
			buildSettings = {
				ALWAYS_SEARCH_USER_PATHS = NO;
				ASSETCATALOG_COMPILER_GENERATE_SWIFT_ASSET_SYMBOL_EXTENSIONS = YES;
				CLANG_ANALYZER_NONNULL = YES;
				CLANG_ANALYZER_NUMBER_OBJECT_CONVERSION = YES_AGGRESSIVE;
				CLANG_CXX_LANGUAGE_STANDARD = "gnu++20";
				CLANG_ENABLE_MODULES = YES;
				CLANG_ENABLE_OBJC_ARC = YES;
				CLANG_ENABLE_OBJC_WEAK = YES;
				CLANG_WARN_BLOCK_CAPTURE_AUTORELEASING = YES;
				CLANG_WARN_BOOL_CONVERSION = YES;
				CLANG_WARN_COMMA = YES;
				CLANG_WARN_CONSTANT_CONVERSION = YES;
				CLANG_WARN_DEPRECATED_OBJC_IMPLEMENTATIONS = YES;
				CLANG_WARN_DIRECT_OBJC_ISA_USAGE = YES_ERROR;
				CLANG_WARN_DOCUMENTATION_COMMENTS = YES;
				CLANG_WARN_EMPTY_BODY = YES;
				CLANG_WARN_ENUM_CONVERSION = YES;
				CLANG_WARN_INFINITE_RECURSION = YES;
				CLANG_WARN_INT_CONVERSION = YES;
				CLANG_WARN_NON_LITERAL_NULL_CONVERSION = YES;
				CLANG_WARN_OBJC_IMPLICIT_RETAIN_SELF = YES;
				CLANG_WARN_OBJC_LITERAL_CONVERSION = YES;
				CLANG_WARN_OBJC_ROOT_CLASS = YES_ERROR;
				CLANG_WARN_QUOTED_INCLUDE_IN_FRAMEWORK_HEADER = YES;
				CLANG_WARN_RANGE_LOOP_ANALYSIS = YES;
				CLANG_WARN_STRICT_PROTOTYPES = YES;
				CLANG_WARN_SUSPICIOUS_MOVE = YES;
				CLANG_WARN_UNGUARDED_AVAILABILITY = YES_AGGRESSIVE;
				CLANG_WARN_UNREACHABLE_CODE = YES;
				CLANG_WARN__DUPLICATE_METHOD_MATCH = YES;
				COPY_PHASE_STRIP = NO;
				DEBUG_INFORMATION_FORMAT = "dwarf-with-dsym";
				ENABLE_NS_ASSERTIONS = NO;
				ENABLE_STRICT_OBJC_MSGSEND = YES;
				ENABLE_USER_SCRIPT_SANDBOXING = YES;
				GCC_C_LANGUAGE_STANDARD = gnu17;
				GCC_NO_COMMON_BLOCKS = YES;
				GCC_WARN_64_TO_32_BIT_CONVERSION = YES;
				GCC_WARN_ABOUT_RETURN_TYPE = YES_ERROR;
				GCC_WARN_UNDECLARED_SELECTOR = YES;
				GCC_WARN_UNINITIALIZED_AUTOS = YES_AGGRESSIVE;
				GCC_WARN_UNUSED_FUNCTION = YES;
				GCC_WARN_UNUSED_VARIABLE = YES;
				IPHONEOS_DEPLOYMENT_TARGET = 17.0;
				LOCALIZATION_PREFERS_STRING_CATALOGS = YES;
				MTL_ENABLE_DEBUG_INFO = NO;
				MTL_FAST_MATH = YES;
				SDKROOT = iphoneos;
				SWIFT_COMPILATION_MODE = wholemodule;
				VALIDATE_PRODUCT = YES;
			};
			name = Release;
		};
		88780B502AEB1CA0000487A6 /* Debug */ = {
			isa = XCBuildConfiguration;
			buildSettings = {
				ASSETCATALOG_COMPILER_APPICON_NAME = AppIcon;
				ASSETCATALOG_COMPILER_GLOBAL_ACCENT_COLOR_NAME = AccentColor;
				CODE_SIGN_STYLE = Automatic;
				CURRENT_PROJECT_VERSION = 1;
				DEVELOPMENT_ASSET_PATHS = "\"LiftOff/Preview Content\"";
				DEVELOPMENT_TEAM = A3HRBNM3V9;
				ENABLE_PREVIEWS = YES;
				GENERATE_INFOPLIST_FILE = YES;
				INFOPLIST_KEY_UIApplicationSceneManifest_Generation = YES;
				INFOPLIST_KEY_UIApplicationSupportsIndirectInputEvents = YES;
				INFOPLIST_KEY_UILaunchScreen_Generation = YES;
				INFOPLIST_KEY_UISupportedInterfaceOrientations_iPad = "UIInterfaceOrientationPortrait UIInterfaceOrientationPortraitUpsideDown UIInterfaceOrientationLandscapeLeft UIInterfaceOrientationLandscapeRight";
				INFOPLIST_KEY_UISupportedInterfaceOrientations_iPhone = "UIInterfaceOrientationPortrait UIInterfaceOrientationLandscapeLeft UIInterfaceOrientationLandscapeRight";
				LD_RUNPATH_SEARCH_PATHS = (
					"$(inherited)",
					"@executable_path/Frameworks",
				);
				MARKETING_VERSION = 1.0;
				PRODUCT_BUNDLE_IDENTIFIER = egomez.LiftOff;
				PRODUCT_NAME = "$(TARGET_NAME)";
				SWIFT_EMIT_LOC_STRINGS = YES;
				SWIFT_VERSION = 5.0;
				TARGETED_DEVICE_FAMILY = "1,2";
			};
			name = Debug;
		};
		88780B512AEB1CA0000487A6 /* Release */ = {
			isa = XCBuildConfiguration;
			buildSettings = {
				ASSETCATALOG_COMPILER_APPICON_NAME = AppIcon;
				ASSETCATALOG_COMPILER_GLOBAL_ACCENT_COLOR_NAME = AccentColor;
				CODE_SIGN_STYLE = Automatic;
				CURRENT_PROJECT_VERSION = 1;
				DEVELOPMENT_ASSET_PATHS = "\"LiftOff/Preview Content\"";
				DEVELOPMENT_TEAM = A3HRBNM3V9;
				ENABLE_PREVIEWS = YES;
				GENERATE_INFOPLIST_FILE = YES;
				INFOPLIST_KEY_UIApplicationSceneManifest_Generation = YES;
				INFOPLIST_KEY_UIApplicationSupportsIndirectInputEvents = YES;
				INFOPLIST_KEY_UILaunchScreen_Generation = YES;
				INFOPLIST_KEY_UISupportedInterfaceOrientations_iPad = "UIInterfaceOrientationPortrait UIInterfaceOrientationPortraitUpsideDown UIInterfaceOrientationLandscapeLeft UIInterfaceOrientationLandscapeRight";
				INFOPLIST_KEY_UISupportedInterfaceOrientations_iPhone = "UIInterfaceOrientationPortrait UIInterfaceOrientationLandscapeLeft UIInterfaceOrientationLandscapeRight";
				LD_RUNPATH_SEARCH_PATHS = (
					"$(inherited)",
					"@executable_path/Frameworks",
				);
				MARKETING_VERSION = 1.0;
				PRODUCT_BUNDLE_IDENTIFIER = egomez.LiftOff;
				PRODUCT_NAME = "$(TARGET_NAME)";
				SWIFT_EMIT_LOC_STRINGS = YES;
				SWIFT_VERSION = 5.0;
				TARGETED_DEVICE_FAMILY = "1,2";
			};
			name = Release;
		};
		88780B532AEB1CA0000487A6 /* Debug */ = {
			isa = XCBuildConfiguration;
			buildSettings = {
				ALWAYS_EMBED_SWIFT_STANDARD_LIBRARIES = YES;
				BUNDLE_LOADER = "$(TEST_HOST)";
				CODE_SIGN_STYLE = Automatic;
				CURRENT_PROJECT_VERSION = 1;
				DEVELOPMENT_TEAM = A3HRBNM3V9;
				GENERATE_INFOPLIST_FILE = YES;
				IPHONEOS_DEPLOYMENT_TARGET = 17.0;
				MARKETING_VERSION = 1.0;
				PRODUCT_BUNDLE_IDENTIFIER = egomez.LiftOffTests;
				PRODUCT_NAME = "$(TARGET_NAME)";
				SWIFT_EMIT_LOC_STRINGS = NO;
				SWIFT_VERSION = 5.0;
				TARGETED_DEVICE_FAMILY = "1,2";
				TEST_HOST = "$(BUILT_PRODUCTS_DIR)/LiftOff.app/$(BUNDLE_EXECUTABLE_FOLDER_PATH)/LiftOff";
			};
			name = Debug;
		};
		88780B542AEB1CA0000487A6 /* Release */ = {
			isa = XCBuildConfiguration;
			buildSettings = {
				ALWAYS_EMBED_SWIFT_STANDARD_LIBRARIES = YES;
				BUNDLE_LOADER = "$(TEST_HOST)";
				CODE_SIGN_STYLE = Automatic;
				CURRENT_PROJECT_VERSION = 1;
				DEVELOPMENT_TEAM = A3HRBNM3V9;
				GENERATE_INFOPLIST_FILE = YES;
				IPHONEOS_DEPLOYMENT_TARGET = 17.0;
				MARKETING_VERSION = 1.0;
				PRODUCT_BUNDLE_IDENTIFIER = egomez.LiftOffTests;
				PRODUCT_NAME = "$(TARGET_NAME)";
				SWIFT_EMIT_LOC_STRINGS = NO;
				SWIFT_VERSION = 5.0;
				TARGETED_DEVICE_FAMILY = "1,2";
				TEST_HOST = "$(BUILT_PRODUCTS_DIR)/LiftOff.app/$(BUNDLE_EXECUTABLE_FOLDER_PATH)/LiftOff";
			};
			name = Release;
		};
		88780B562AEB1CA0000487A6 /* Debug */ = {
			isa = XCBuildConfiguration;
			buildSettings = {
				ALWAYS_EMBED_SWIFT_STANDARD_LIBRARIES = YES;
				CODE_SIGN_STYLE = Automatic;
				CURRENT_PROJECT_VERSION = 1;
				DEVELOPMENT_TEAM = A3HRBNM3V9;
				GENERATE_INFOPLIST_FILE = YES;
				MARKETING_VERSION = 1.0;
				PRODUCT_BUNDLE_IDENTIFIER = egomez.LiftOffUITests;
				PRODUCT_NAME = "$(TARGET_NAME)";
				SWIFT_EMIT_LOC_STRINGS = NO;
				SWIFT_VERSION = 5.0;
				TARGETED_DEVICE_FAMILY = "1,2";
				TEST_TARGET_NAME = LiftOff;
			};
			name = Debug;
		};
		88780B572AEB1CA0000487A6 /* Release */ = {
			isa = XCBuildConfiguration;
			buildSettings = {
				ALWAYS_EMBED_SWIFT_STANDARD_LIBRARIES = YES;
				CODE_SIGN_STYLE = Automatic;
				CURRENT_PROJECT_VERSION = 1;
				DEVELOPMENT_TEAM = A3HRBNM3V9;
				GENERATE_INFOPLIST_FILE = YES;
				MARKETING_VERSION = 1.0;
				PRODUCT_BUNDLE_IDENTIFIER = egomez.LiftOffUITests;
				PRODUCT_NAME = "$(TARGET_NAME)";
				SWIFT_EMIT_LOC_STRINGS = NO;
				SWIFT_VERSION = 5.0;
				TARGETED_DEVICE_FAMILY = "1,2";
				TEST_TARGET_NAME = LiftOff;
			};
			name = Release;
		};
/* End XCBuildConfiguration section */

/* Begin XCConfigurationList section */
		88780B262AEB1C9B000487A6 /* Build configuration list for PBXProject "LiftOff" */ = {
			isa = XCConfigurationList;
			buildConfigurations = (
				88780B4D2AEB1CA0000487A6 /* Debug */,
				88780B4E2AEB1CA0000487A6 /* Release */,
			);
			defaultConfigurationIsVisible = 0;
			defaultConfigurationName = Release;
		};
		88780B4F2AEB1CA0000487A6 /* Build configuration list for PBXNativeTarget "LiftOff" */ = {
			isa = XCConfigurationList;
			buildConfigurations = (
				88780B502AEB1CA0000487A6 /* Debug */,
				88780B512AEB1CA0000487A6 /* Release */,
			);
			defaultConfigurationIsVisible = 0;
			defaultConfigurationName = Release;
		};
		88780B522AEB1CA0000487A6 /* Build configuration list for PBXNativeTarget "LiftOffTests" */ = {
			isa = XCConfigurationList;
			buildConfigurations = (
				88780B532AEB1CA0000487A6 /* Debug */,
				88780B542AEB1CA0000487A6 /* Release */,
			);
			defaultConfigurationIsVisible = 0;
			defaultConfigurationName = Release;
		};
		88780B552AEB1CA0000487A6 /* Build configuration list for PBXNativeTarget "LiftOffUITests" */ = {
			isa = XCConfigurationList;
			buildConfigurations = (
				88780B562AEB1CA0000487A6 /* Debug */,
				88780B572AEB1CA0000487A6 /* Release */,
			);
			defaultConfigurationIsVisible = 0;
			defaultConfigurationName = Release;
		};
/* End XCConfigurationList section */

/* Begin XCRemoteSwiftPackageReference section */
		88780B5A2AEB1EAC000487A6 /* XCRemoteSwiftPackageReference "FLAnimatedImage" */ = {
			isa = XCRemoteSwiftPackageReference;
			repositoryURL = "https://github.com/Flipboard/FLAnimatedImage";
			requirement = {
				kind = upToNextMajorVersion;
				minimumVersion = 1.0.17;
			};
		};
		88780B622AEB2743000487A6 /* XCRemoteSwiftPackageReference "swiftui-gif" */ = {
			isa = XCRemoteSwiftPackageReference;
			repositoryURL = "https://github.com/globulus/swiftui-gif";
			requirement = {
				kind = upToNextMajorVersion;
				minimumVersion = 1.0.1;
			};
		};
		8883B9BF2AEB68460015A21C /* XCRemoteSwiftPackageReference "Giffy" */ = {
			isa = XCRemoteSwiftPackageReference;
			repositoryURL = "https://github.com/tfmart/Giffy.git";
			requirement = {
				branch = main;
				kind = branch;
			};
		};
/* End XCRemoteSwiftPackageReference section */

/* Begin XCSwiftPackageProductDependency section */
		88780B5B2AEB1EAC000487A6 /* FLAnimatedImage */ = {
			isa = XCSwiftPackageProductDependency;
			package = 88780B5A2AEB1EAC000487A6 /* XCRemoteSwiftPackageReference "FLAnimatedImage" */;
			productName = FLAnimatedImage;
		};
		88780B632AEB2743000487A6 /* SwiftUIGIF */ = {
			isa = XCSwiftPackageProductDependency;
			package = 88780B622AEB2743000487A6 /* XCRemoteSwiftPackageReference "swiftui-gif" */;
			productName = SwiftUIGIF;
		};
		8883B9C02AEB68460015A21C /* Giffy */ = {
			isa = XCSwiftPackageProductDependency;
			package = 8883B9BF2AEB68460015A21C /* XCRemoteSwiftPackageReference "Giffy" */;
			productName = Giffy;
		};
/* End XCSwiftPackageProductDependency section */
	};
	rootObject = 88780B232AEB1C9B000487A6 /* Project object */;
}
